PODS:
  - LookinServer (1.2.4):
    - LookinServer/Core (= 1.2.4)
  - LookinServer/Core (1.2.4)

DEPENDENCIES:
  - LookinServer (from `../`)

EXTERNAL SOURCES:
  LookinServer:
    :path: "../"

SPEC CHECKSUMS:
  LookinServer: 83db81c8c24813ff2da825790023f1a3025f16b7

PODFILE CHECKSUM: bc594f4414528ff348fea00e76f6cdce68bb0232

COCOAPODS: 1.13.0
