PODS:
  - LookinServer (1.0.5)
  - OCEval (0.1.2)

DEPENDENCIES:
  - LookinServer (from `../`)
  - OCEval

SPEC REPOS:
  trunk:
    - OCEval

EXTERNAL SOURCES:
  LookinServer:
    :path: "../"

SPEC CHECKSUMS:
  LookinServer: 3d9a02529ed94a6a08154440c26f6d7f453bb1e7
  OCEval: 629e8451fdbc18ffe7afca0c023dd1195580a85a

PODFILE CHECKSUM: 9672e38cead8ed64841542358c8691b69a3e7bce

COCOAPODS: 1.11.3
