PODS:
  - LookinServer (1.1.5):
    - LookinServer/Core (= 1.1.5)
  - LookinServer/Core (1.1.5)

DEPENDENCIES:
  - LookinServer (from `../`)

EXTERNAL SOURCES:
  LookinServer:
    :path: "../"

SPEC CHECKSUMS:
  LookinServer: 5971be144eda4f69d063430ac1f0c6a2b99eef9e

PODFILE CHECKSUM: bc594f4414528ff348fea00e76f6cdce68bb0232

COCOAPODS: 1.11.3
